// !$*UTF8*$!
{
	archiveVersion = 1;
	classes = {
	};
	objectVersion = 56;
	objects = {

/* Begin PBXBuildFile section */
		D47253932968538800A560D9 /* AppDelegate.swift in Sources */ = {isa = PBXBuildFile; fileRef = D47253922968538800A560D9 /* AppDelegate.swift */; };
		D47253952968538800A560D9 /* SceneDelegate.swift in Sources */ = {isa = PBXBuildFile; fileRef = D47253942968538800A560D9 /* SceneDelegate.swift */; };
		D47253972968538800A560D9 /* FirstVC.swift in Sources */ = {isa = PBXBuildFile; fileRef = D47253962968538800A560D9 /* FirstVC.swift */; };
		D472539A2968538800A560D9 /* Main.storyboard in Resources */ = {isa = PBXBuildFile; fileRef = D47253982968538800A560D9 /* Main.storyboard */; };
		D472539C2968538900A560D9 /* Assets.xcassets in Resources */ = {isa = PBXBuildFile; fileRef = D472539B2968538900A560D9 /* Assets.xcassets */; };
		D472539F2968538900A560D9 /* LaunchScreen.storyboard in Resources */ = {isa = PBXBuildFile; fileRef = D472539D2968538900A560D9 /* LaunchScreen.storyboard */; };
		D47253A82968AB2D00A560D9 /* TableViewCell.swift in Sources */ = {isa = PBXBuildFile; fileRef = D47253A62968AB2D00A560D9 /* TableViewCell.swift */; };
		D47253A92968AB2D00A560D9 /* TableViewCell.xib in Resources */ = {isa = PBXBuildFile; fileRef = D47253A72968AB2D00A560D9 /* TableViewCell.xib */; };
		D47253B02968B58100A560D9 /* MovieModel.swift in Sources */ = {isa = PBXBuildFile; fileRef = D47253AF2968B58100A560D9 /* MovieModel.swift */; };
/* End PBXBuildFile section */

/* Begin PBXFileReference section */
		D472538F2968538800A560D9 /* Homework-2-BestMovieApp.app */ = {isa = PBXFileReference; explicitFileType = wrapper.application; includeInIndex = 0; path = "Homework-2-BestMovieApp.app"; sourceTree = BUILT_PRODUCTS_DIR; };
		D47253922968538800A560D9 /* AppDelegate.swift */ = {isa = PBXFileReference; lastKnownFileType = sourcecode.swift; path = AppDelegate.swift; sourceTree = "<group>"; };
		D47253942968538800A560D9 /* SceneDelegate.swift */ = {isa = PBXFileReference; lastKnownFileType = sourcecode.swift; path = SceneDelegate.swift; sourceTree = "<group>"; };
		D47253962968538800A560D9 /* FirstVC.swift */ = {isa = PBXFileReference; lastKnownFileType = sourcecode.swift; path = FirstVC.swift; sourceTree = "<group>"; };
		D47253992968538800A560D9 /* Base */ = {isa = PBXFileReference; lastKnownFileType = file.storyboard; name = Base; path = Base.lproj/Main.storyboard; sourceTree = "<group>"; };
		D472539B2968538900A560D9 /* Assets.xcassets */ = {isa = PBXFileReference; lastKnownFileType = folder.assetcatalog; path = Assets.xcassets; sourceTree = "<group>"; };
		D472539E2968538900A560D9 /* Base */ = {isa = PBXFileReference; lastKnownFileType = file.storyboard; name = Base; path = Base.lproj/LaunchScreen.storyboard; sourceTree = "<group>"; };
		D47253A02968538900A560D9 /* Info.plist */ = {isa = PBXFileReference; lastKnownFileType = text.plist.xml; path = Info.plist; sourceTree = "<group>"; };
		D47253A62968AB2D00A560D9 /* TableViewCell.swift */ = {isa = PBXFileReference; lastKnownFileType = sourcecode.swift; path = TableViewCell.swift; sourceTree = "<group>"; };
		D47253A72968AB2D00A560D9 /* TableViewCell.xib */ = {isa = PBXFileReference; lastKnownFileType = file.xib; path = TableViewCell.xib; sourceTree = "<group>"; };
		D47253AF2968B58100A560D9 /* MovieModel.swift */ = {isa = PBXFileReference; lastKnownFileType = sourcecode.swift; path = MovieModel.swift; sourceTree = "<group>"; };
/* End PBXFileReference section */

/* Begin PBXFrameworksBuildPhase section */
		D472538C2968538800A560D9 /* Frameworks */ = {
			isa = PBXFrameworksBuildPhase;
			buildActionMask = 2147483647;
			files = (
			);
			runOnlyForDeploymentPostprocessing = 0;
		};
/* End PBXFrameworksBuildPhase section */

/* Begin PBXGroup section */
		D47253862968538800A560D9 = {
			isa = PBXGroup;
			children = (
				D47253912968538800A560D9 /* Homework-2-BestMovieApp */,
				D47253902968538800A560D9 /* Products */,
			);
			sourceTree = "<group>";
		};
		D47253902968538800A560D9 /* Products */ = {
			isa = PBXGroup;
			children = (
				D472538F2968538800A560D9 /* Homework-2-BestMovieApp.app */,
			);
			name = Products;
			sourceTree = "<group>";
		};
		D47253912968538800A560D9 /* Homework-2-BestMovieApp */ = {
			isa = PBXGroup;
			children = (
				D47253AD2968B4ED00A560D9 /* View */,
				D47253AC2968B4E500A560D9 /* Model */,
				D47253AB2968B4DB00A560D9 /* ViewModel */,
				D47253AA2968B4CF00A560D9 /* Service */,
				D47253AE2968B4F600A560D9 /* Cell */,
				D47253922968538800A560D9 /* AppDelegate.swift */,
				D47253942968538800A560D9 /* SceneDelegate.swift */,
				D472539B2968538900A560D9 /* Assets.xcassets */,
				D472539D2968538900A560D9 /* LaunchScreen.storyboard */,
				D47253A02968538900A560D9 /* Info.plist */,
			);
			path = "Homework-2-BestMovieApp";
			sourceTree = "<group>";
		};
		D47253AA2968B4CF00A560D9 /* Service */ = {
			isa = PBXGroup;
			children = (
			);
			path = Service;
			sourceTree = "<group>";
		};
		D47253AB2968B4DB00A560D9 /* ViewModel */ = {
			isa = PBXGroup;
			children = (
			);
			path = ViewModel;
			sourceTree = "<group>";
		};
		D47253AC2968B4E500A560D9 /* Model */ = {
			isa = PBXGroup;
			children = (
				D47253AF2968B58100A560D9 /* MovieModel.swift */,
			);
			path = Model;
			sourceTree = "<group>";
		};
		D47253AD2968B4ED00A560D9 /* View */ = {
			isa = PBXGroup;
			children = (
				D47253962968538800A560D9 /* FirstVC.swift */,
				D47253982968538800A560D9 /* Main.storyboard */,
			);
			path = View;
			sourceTree = "<group>";
		};
		D47253AE2968B4F600A560D9 /* Cell */ = {
			isa = PBXGroup;
			children = (
				D47253A62968AB2D00A560D9 /* TableViewCell.swift */,
				D47253A72968AB2D00A560D9 /* TableViewCell.xib */,
			);
			path = Cell;
			sourceTree = "<group>";
		};
/* End PBXGroup section */

/* Begin PBXNativeTarget section */
		D472538E2968538800A560D9 /* Homework-2-BestMovieApp */ = {
			isa = PBXNativeTarget;
			buildConfigurationList = D47253A32968538900A560D9 /* Build configuration list for PBXNativeTarget "Homework-2-BestMovieApp" */;
			buildPhases = (
				D472538B2968538800A560D9 /* Sources */,
				D472538C2968538800A560D9 /* Frameworks */,
				D472538D2968538800A560D9 /* Resources */,
			);
			buildRules = (
			);
			dependencies = (
			);
			name = "Homework-2-BestMovieApp";
			productName = "Homework-2-BestMovieApp";
			productReference = D472538F2968538800A560D9 /* Homework-2-BestMovieApp.app */;
			productType = "com.apple.product-type.application";
		};
/* End PBXNativeTarget section */

/* Begin PBXProject section */
		D47253872968538800A560D9 /* Project object */ = {
			isa = PBXProject;
			attributes = {
				BuildIndependentTargetsInParallel = 1;
				LastSwiftUpdateCheck = 1420;
				LastUpgradeCheck = 1420;
				TargetAttributes = {
					D472538E2968538800A560D9 = {
						CreatedOnToolsVersion = 14.2;
					};
				};
			};
			buildConfigurationList = D472538A2968538800A560D9 /* Build configuration list for PBXProject "Homework-2-BestMovieApp" */;
			compatibilityVersion = "Xcode 14.0";
			developmentRegion = en;
			hasScannedForEncodings = 0;
			knownRegions = (
				en,
				Base,
			);
			mainGroup = D47253862968538800A560D9;
			productRefGroup = D47253902968538800A560D9 /* Products */;
			projectDirPath = "";
			projectRoot = "";
			targets = (
				D472538E2968538800A560D9 /* Homework-2-BestMovieApp */,
			);
		};
/* End PBXProject section */

/* Begin PBXResourcesBuildPhase section */
		D472538D2968538800A560D9 /* Resources */ = {
			isa = PBXResourcesBuildPhase;
			buildActionMask = 2147483647;
			files = (
				D472539F2968538900A560D9 /* LaunchScreen.storyboard in Resources */,
				D47253A92968AB2D00A560D9 /* TableViewCell.xib in Resources */,
				D472539C2968538900A560D9 /* Assets.xcassets in Resources */,
				D472539A2968538800A560D9 /* Main.storyboard in Resources */,
			);
			runOnlyForDeploymentPostprocessing = 0;
		};
/* End PBXResourcesBuildPhase section */

/* Begin PBXSourcesBuildPhase section */
		D472538B2968538800A560D9 /* Sources */ = {
			isa = PBXSourcesBuildPhase;
			buildActionMask = 2147483647;
			files = (
				D47253972968538800A560D9 /* FirstVC.swift in Sources */,
				D47253A82968AB2D00A560D9 /* TableViewCell.swift in Sources */,
				D47253B02968B58100A560D9 /* MovieModel.swift in Sources */,
				D47253932968538800A560D9 /* AppDelegate.swift in Sources */,
				D47253952968538800A560D9 /* SceneDelegate.swift in Sources */,
			);
			runOnlyForDeploymentPostprocessing = 0;
		};
/* End PBXSourcesBuildPhase section */

/* Begin PBXVariantGroup section */
		D47253982968538800A560D9 /* Main.storyboard */ = {
			isa = PBXVariantGroup;
			children = (
				D47253992968538800A560D9 /* Base */,
			);
			name = Main.storyboard;
			sourceTree = "<group>";
		};
		D472539D2968538900A560D9 /* LaunchScreen.storyboard */ = {
			isa = PBXVariantGroup;
			children = (
				D472539E2968538900A560D9 /* Base */,
			);
			name = LaunchScreen.storyboard;
			sourceTree = "<group>";
		};
/* End PBXVariantGroup section */

/* Begin XCBuildConfiguration section */
		D47253A12968538900A560D9 /* Debug */ = {
			isa = XCBuildConfiguration;
			buildSettings = {
				ALWAYS_SEARCH_USER_PATHS = NO;
				CLANG_ANALYZER_NONNULL = YES;
				CLANG_ANALYZER_NUMBER_OBJECT_CONVERSION = YES_AGGRESSIVE;
				CLANG_CXX_LANGUAGE_STANDARD = "gnu++20";
				CLANG_ENABLE_MODULES = YES;
				CLANG_ENABLE_OBJC_ARC = YES;
				CLANG_ENABLE_OBJC_WEAK = YES;
				CLANG_WARN_BLOCK_CAPTURE_AUTORELEASING = YES;
				CLANG_WARN_BOOL_CONVERSION = YES;
				CLANG_WARN_COMMA = YES;
				CLANG_WARN_CONSTANT_CONVERSION = YES;
				CLANG_WARN_DEPRECATED_OBJC_IMPLEMENTATIONS = YES;
				CLANG_WARN_DIRECT_OBJC_ISA_USAGE = YES_ERROR;
				CLANG_WARN_DOCUMENTATION_COMMENTS = YES;
				CLANG_WARN_EMPTY_BODY = YES;
				CLANG_WARN_ENUM_CONVERSION = YES;
				CLANG_WARN_INFINITE_RECURSION = YES;
				CLANG_WARN_INT_CONVERSION = YES;
				CLANG_WARN_NON_LITERAL_NULL_CONVERSION = YES;
				CLANG_WARN_OBJC_IMPLICIT_RETAIN_SELF = YES;
				CLANG_WARN_OBJC_LITERAL_CONVERSION = YES;
				CLANG_WARN_OBJC_ROOT_CLASS = YES_ERROR;
				CLANG_WARN_QUOTED_INCLUDE_IN_FRAMEWORK_HEADER = YES;
				CLANG_WARN_RANGE_LOOP_ANALYSIS = YES;
				CLANG_WARN_STRICT_PROTOTYPES = YES;
				CLANG_WARN_SUSPICIOUS_MOVE = YES;
				CLANG_WARN_UNGUARDED_AVAILABILITY = YES_AGGRESSIVE;
				CLANG_WARN_UNREACHABLE_CODE = YES;
				CLANG_WARN__DUPLICATE_METHOD_MATCH = YES;
				COPY_PHASE_STRIP = NO;
				DEBUG_INFORMATION_FORMAT = dwarf;
				ENABLE_STRICT_OBJC_MSGSEND = YES;
				ENABLE_TESTABILITY = YES;
				GCC_C_LANGUAGE_STANDARD = gnu11;
				GCC_DYNAMIC_NO_PIC = NO;
				GCC_NO_COMMON_BLOCKS = YES;
				GCC_OPTIMIZATION_LEVEL = 0;
				GCC_PREPROCESSOR_DEFINITIONS = (
					"DEBUG=1",
					"$(inherited)",
				);
				GCC_WARN_64_TO_32_BIT_CONVERSION = YES;
				GCC_WARN_ABOUT_RETURN_TYPE = YES_ERROR;
				GCC_WARN_UNDECLARED_SELECTOR = YES;
				GCC_WARN_UNINITIALIZED_AUTOS = YES_AGGRESSIVE;
				GCC_WARN_UNUSED_FUNCTION = YES;
				GCC_WARN_UNUSED_VARIABLE = YES;
				IPHONEOS_DEPLOYMENT_TARGET = 16.2;
				MTL_ENABLE_DEBUG_INFO = INCLUDE_SOURCE;
				MTL_FAST_MATH = YES;
				ONLY_ACTIVE_ARCH = YES;
				SDKROOT = iphoneos;
				SWIFT_ACTIVE_COMPILATION_CONDITIONS = DEBUG;
				SWIFT_OPTIMIZATION_LEVEL = "-Onone";
			};
			name = Debug;
		};
		D47253A22968538900A560D9 /* Release */ = {
			isa = XCBuildConfiguration;
			buildSettings = {
				ALWAYS_SEARCH_USER_PATHS = NO;
				CLANG_ANALYZER_NONNULL = YES;
				CLANG_ANALYZER_NUMBER_OBJECT_CONVERSION = YES_AGGRESSIVE;
				CLANG_CXX_LANGUAGE_STANDARD = "gnu++20";
				CLANG_ENABLE_MODULES = YES;
				CLANG_ENABLE_OBJC_ARC = YES;
				CLANG_ENABLE_OBJC_WEAK = YES;
				CLANG_WARN_BLOCK_CAPTURE_AUTORELEASING = YES;
				CLANG_WARN_BOOL_CONVERSION = YES;
				CLANG_WARN_COMMA = YES;
				CLANG_WARN_CONSTANT_CONVERSION = YES;
				CLANG_WARN_DEPRECATED_OBJC_IMPLEMENTATIONS = YES;
				CLANG_WARN_DIRECT_OBJC_ISA_USAGE = YES_ERROR;
				CLANG_WARN_DOCUMENTATION_COMMENTS = YES;
				CLANG_WARN_EMPTY_BODY = YES;
				CLANG_WARN_ENUM_CONVERSION = YES;
				CLANG_WARN_INFINITE_RECURSION = YES;
				CLANG_WARN_INT_CONVERSION = YES;
				CLANG_WARN_NON_LITERAL_NULL_CONVERSION = YES;
				CLANG_WARN_OBJC_IMPLICIT_RETAIN_SELF = YES;
				CLANG_WARN_OBJC_LITERAL_CONVERSION = YES;
				CLANG_WARN_OBJC_ROOT_CLASS = YES_ERROR;
				CLANG_WARN_QUOTED_INCLUDE_IN_FRAMEWORK_HEADER = YES;
				CLANG_WARN_RANGE_LOOP_ANALYSIS = YES;
				CLANG_WARN_STRICT_PROTOTYPES = YES;
				CLANG_WARN_SUSPICIOUS_MOVE = YES;
				CLANG_WARN_UNGUARDED_AVAILABILITY = YES_AGGRESSIVE;
				CLANG_WARN_UNREACHABLE_CODE = YES;
				CLANG_WARN__DUPLICATE_METHOD_MATCH = YES;
				COPY_PHASE_STRIP = NO;
				DEBUG_INFORMATION_FORMAT = "dwarf-with-dsym";
				ENABLE_NS_ASSERTIONS = NO;
				ENABLE_STRICT_OBJC_MSGSEND = YES;
				GCC_C_LANGUAGE_STANDARD = gnu11;
				GCC_NO_COMMON_BLOCKS = YES;
				GCC_WARN_64_TO_32_BIT_CONVERSION = YES;
				GCC_WARN_ABOUT_RETURN_TYPE = YES_ERROR;
				GCC_WARN_UNDECLARED_SELECTOR = YES;
				GCC_WARN_UNINITIALIZED_AUTOS = YES_AGGRESSIVE;
				GCC_WARN_UNUSED_FUNCTION = YES;
				GCC_WARN_UNUSED_VARIABLE = YES;
				IPHONEOS_DEPLOYMENT_TARGET = 16.2;
				MTL_ENABLE_DEBUG_INFO = NO;
				MTL_FAST_MATH = YES;
				SDKROOT = iphoneos;
				SWIFT_COMPILATION_MODE = wholemodule;
				SWIFT_OPTIMIZATION_LEVEL = "-O";
				VALIDATE_PRODUCT = YES;
			};
			name = Release;
		};
		D47253A42968538900A560D9 /* Debug */ = {
			isa = XCBuildConfiguration;
			buildSettings = {
				ASSETCATALOG_COMPILER_APPICON_NAME = AppIcon;
				ASSETCATALOG_COMPILER_GLOBAL_ACCENT_COLOR_NAME = AccentColor;
				CODE_SIGN_STYLE = Automatic;
				CURRENT_PROJECT_VERSION = 1;
				DEVELOPMENT_TEAM = 373Z282HAT;
				GENERATE_INFOPLIST_FILE = YES;
				INFOPLIST_FILE = "Homework-2-BestMovieApp/Info.plist";
				INFOPLIST_KEY_UIApplicationSupportsIndirectInputEvents = YES;
				INFOPLIST_KEY_UILaunchStoryboardName = LaunchScreen;
				INFOPLIST_KEY_UIMainStoryboardFile = Main;
				INFOPLIST_KEY_UISupportedInterfaceOrientations_iPad = "UIInterfaceOrientationPortrait UIInterfaceOrientationPortraitUpsideDown UIInterfaceOrientationLandscapeLeft UIInterfaceOrientationLandscapeRight";
				INFOPLIST_KEY_UISupportedInterfaceOrientations_iPhone = "UIInterfaceOrientationPortrait UIInterfaceOrientationLandscapeLeft UIInterfaceOrientationLandscapeRight";
				LD_RUNPATH_SEARCH_PATHS = (
					"$(inherited)",
					"@executable_path/Frameworks",
				);
				MARKETING_VERSION = 1.0;
				PRODUCT_BUNDLE_IDENTIFIER = "com.hakanbaran.Homework-2-BestMovieApp";
				PRODUCT_NAME = "$(TARGET_NAME)";
				SWIFT_EMIT_LOC_STRINGS = YES;
				SWIFT_VERSION = 5.0;
				TARGETED_DEVICE_FAMILY = "1,2";
			};
			name = Debug;
		};
		D47253A52968538900A560D9 /* Release */ = {
			isa = XCBuildConfiguration;
			buildSettings = {
				ASSETCATALOG_COMPILER_APPICON_NAME = AppIcon;
				ASSETCATALOG_COMPILER_GLOBAL_ACCENT_COLOR_NAME = AccentColor;
				CODE_SIGN_STYLE = Automatic;
				CURRENT_PROJECT_VERSION = 1;
				DEVELOPMENT_TEAM = 373Z282HAT;
				GENERATE_INFOPLIST_FILE = YES;
				INFOPLIST_FILE = "Homework-2-BestMovieApp/Info.plist";
				INFOPLIST_KEY_UIApplicationSupportsIndirectInputEvents = YES;
				INFOPLIST_KEY_UILaunchStoryboardName = LaunchScreen;
				INFOPLIST_KEY_UIMainStoryboardFile = Main;
				INFOPLIST_KEY_UISupportedInterfaceOrientations_iPad = "UIInterfaceOrientationPortrait UIInterfaceOrientationPortraitUpsideDown UIInterfaceOrientationLandscapeLeft UIInterfaceOrientationLandscapeRight";
				INFOPLIST_KEY_UISupportedInterfaceOrientations_iPhone = "UIInterfaceOrientationPortrait UIInterfaceOrientationLandscapeLeft UIInterfaceOrientationLandscapeRight";
				LD_RUNPATH_SEARCH_PATHS = (
					"$(inherited)",
					"@executable_path/Frameworks",
				);
				MARKETING_VERSION = 1.0;
				PRODUCT_BUNDLE_IDENTIFIER = "com.hakanbaran.Homework-2-BestMovieApp";
				PRODUCT_NAME = "$(TARGET_NAME)";
				SWIFT_EMIT_LOC_STRINGS = YES;
				SWIFT_VERSION = 5.0;
				TARGETED_DEVICE_FAMILY = "1,2";
			};
			name = Release;
		};
/* End XCBuildConfiguration section */

/* Begin XCConfigurationList section */
		D472538A2968538800A560D9 /* Build configuration list for PBXProject "Homework-2-BestMovieApp" */ = {
			isa = XCConfigurationList;
			buildConfigurations = (
				D47253A12968538900A560D9 /* Debug */,
				D47253A22968538900A560D9 /* Release */,
			);
			defaultConfigurationIsVisible = 0;
			defaultConfigurationName = Release;
		};
		D47253A32968538900A560D9 /* Build configuration list for PBXNativeTarget "Homework-2-BestMovieApp" */ = {
			isa = XCConfigurationList;
			buildConfigurations = (
				D47253A42968538900A560D9 /* Debug */,
				D47253A52968538900A560D9 /* Release */,
			);
			defaultConfigurationIsVisible = 0;
			defaultConfigurationName = Release;
		};
/* End XCConfigurationList section */
	};
	rootObject = D47253872968538800A560D9 /* Project object */;
}
